
Microsoft Visual Studio Solution File, Format Version 12.00
# Visual Studio Version 16
VisualStudioVersion = 16.0.31410.223
MinimumVisualStudioVersion = 10.0.40219.1
Project("{FAE04EC0-301F-11D3-BF4B-00C04F79EFBC}") = "NotionToJekyll", "NotionToJekyll\NotionToJekyll.csproj", "{7AD78B58-CCA9-4B8F-8C4D-008DBD727056}"
EndProject
Global
	GlobalSection(SolutionConfigurationPlatforms) = preSolution
		Debug|Any CPU = Debug|Any CPU
		Release|Any CPU = Release|Any CPU
	EndGlobalSection
	GlobalSection(ProjectConfigurationPlatforms) = postSolution
		{7AD78B58-CCA9-4B8F-8C4D-008DBD727056}.Debug|Any CPU.ActiveCfg = Debug|Any CPU
		{7AD78B58-CCA9-4B8F-8C4D-008DBD727056}.Debug|Any CPU.Build.0 = Debug|Any CPU
		{7AD78B58-CCA9-4B8F-8C4D-008DBD727056}.Release|Any CPU.ActiveCfg = Release|Any CPU
		{7AD78B58-CCA9-4B8F-8C4D-008DBD727056}.Release|Any CPU.Build.0 = Release|Any CPU
	EndGlobalSection
	GlobalSection(SolutionProperties) = preSolution
		HideSolutionNode = FALSE
	EndGlobalSection
	GlobalSection(ExtensibilityGlobals) = postSolution
		SolutionGuid = {4CF1BE9B-EAA6-4695-8E19-7172CCAD0F59}
	EndGlobalSection
EndGlobal
